{
  "name": "backend",
  "version": "1.0.0",
  "lockfileVersion": 3,
  "requires": true,
  "packages": {
    "": {
      "name": "backend",
      "version": "1.0.0",
      "dependencies": {
        "cors": "...",
        "express": "...",
        "jsonwebtoken": "...",
        "mongoose": "...",
        "multer": "..."
      }
    },
    "...": {},
    "node_modules/cors": {
      "resolved": "...",
      "link": true
    },
    "node_modules/express": {
      "resolved": "...",
      "link": true
    },
    "node_modules/jsonwebtoken": {
      "resolved": "...",
      "link": true
    },
    "node_modules/mongoose": {
      "resolved": "...",
      "link": true
    },
    "node_modules/multer": {
      "resolved": "...",
      "link": true
    }
  }
}
